
Microsoft Visual Studio Solution File, Format Version 12.00
# Visual Studio Version 16
VisualStudioVersion = 16.0.30114.105
MinimumVisualStudioVersion = 10.0.40219.1
Project("{FAE04EC0-301F-11D3-BF4B-00C04F79EFBC}") = "rest", "rest\rest.csproj", "{9068A80C-075B-4CD9-B833-A408CAFAC7EE}"
EndProject
Global
	GlobalSection(SolutionConfigurationPlatforms) = preSolution
		Debug|Any CPU = Debug|Any CPU
		Release|Any CPU = Release|Any CPU
	EndGlobalSection
	GlobalSection(SolutionProperties) = preSolution
		HideSolutionNode = FALSE
	EndGlobalSection
	GlobalSection(ProjectConfigurationPlatforms) = postSolution
		{9068A80C-075B-4CD9-B833-A408CAFAC7EE}.Debug|Any CPU.ActiveCfg = Debug|Any CPU
		{9068A80C-075B-4CD9-B833-A408CAFAC7EE}.Debug|Any CPU.Build.0 = Debug|Any CPU
		{9068A80C-075B-4CD9-B833-A408CAFAC7EE}.Release|Any CPU.ActiveCfg = Release|Any CPU
		{9068A80C-075B-4CD9-B833-A408CAFAC7EE}.Release|Any CPU.Build.0 = Release|Any CPU
	EndGlobalSection
EndGlobal
